
Microsoft Visual Studio Solution File, Format Version 12.00
# Visual Studio Version 17
VisualStudioVersion = 17.14.36705.20
MinimumVisualStudioVersion = 10.0.40219.1
Project("{FAE04EC0-301F-11D3-BF4B-00C04F79EFBC}") = "AsIHaveWritten", "AsIHaveWritten\AsIHaveWritten.csproj", "{C805E948-F8C4-4127-8F75-E861F1D98916}"
EndProject
Project("{FAE04EC0-301F-11D3-BF4B-00C04F79EFBC}") = "PaddleOcr", "PaddleOcr\PaddleOcr.csproj", "{F3EC1309-EB15-008C-9624-39C91F624413}"
EndProject
Project("{FAE04EC0-301F-11D3-BF4B-00C04F79EFBC}") = "WindowCapture", "WindowCapture\WindowCapture.csproj", "{155C5BAB-1C71-4DC4-96D6-FA0624CD762F}"
EndProject
Project("{FAE04EC0-301F-11D3-BF4B-00C04F79EFBC}") = "GlobalHook", "GlobalHook\GlobalHook.csproj", "{7531B1F6-98E5-4386-AAC2-0743D2363FA6}"
EndProject
Global
	GlobalSection(SolutionConfigurationPlatforms) = preSolution
		Debug|Any CPU = Debug|Any CPU
		Release|Any CPU = Release|Any CPU
	EndGlobalSection
	GlobalSection(ProjectConfigurationPlatforms) = postSolution
		{C805E948-F8C4-4127-8F75-E861F1D98916}.Debug|Any CPU.ActiveCfg = Debug|Any CPU
		{C805E948-F8C4-4127-8F75-E861F1D98916}.Debug|Any CPU.Build.0 = Debug|Any CPU
		{C805E948-F8C4-4127-8F75-E861F1D98916}.Release|Any CPU.ActiveCfg = Release|Any CPU
		{C805E948-F8C4-4127-8F75-E861F1D98916}.Release|Any CPU.Build.0 = Release|Any CPU
		{F3EC1309-EB15-008C-9624-39C91F624413}.Debug|Any CPU.ActiveCfg = Debug|Any CPU
		{F3EC1309-EB15-008C-9624-39C91F624413}.Debug|Any CPU.Build.0 = Debug|Any CPU
		{F3EC1309-EB15-008C-9624-39C91F624413}.Release|Any CPU.ActiveCfg = Release|Any CPU
		{F3EC1309-EB15-008C-9624-39C91F624413}.Release|Any CPU.Build.0 = Release|Any CPU
		{155C5BAB-1C71-4DC4-96D6-FA0624CD762F}.Debug|Any CPU.ActiveCfg = Debug|Any CPU
		{155C5BAB-1C71-4DC4-96D6-FA0624CD762F}.Debug|Any CPU.Build.0 = Debug|Any CPU
		{155C5BAB-1C71-4DC4-96D6-FA0624CD762F}.Release|Any CPU.ActiveCfg = Release|Any CPU
		{155C5BAB-1C71-4DC4-96D6-FA0624CD762F}.Release|Any CPU.Build.0 = Release|Any CPU
		{7531B1F6-98E5-4386-AAC2-0743D2363FA6}.Debug|Any CPU.ActiveCfg = Debug|Any CPU
		{7531B1F6-98E5-4386-AAC2-0743D2363FA6}.Debug|Any CPU.Build.0 = Debug|Any CPU
		{7531B1F6-98E5-4386-AAC2-0743D2363FA6}.Release|Any CPU.ActiveCfg = Release|Any CPU
		{7531B1F6-98E5-4386-AAC2-0743D2363FA6}.Release|Any CPU.Build.0 = Release|Any CPU
	EndGlobalSection
	GlobalSection(SolutionProperties) = preSolution
		HideSolutionNode = FALSE
	EndGlobalSection
	GlobalSection(ExtensibilityGlobals) = postSolution
		SolutionGuid = {80ECE961-4094-4461-AF37-87499008ECF4}
	EndGlobalSection
EndGlobal
